
Microsoft Visual Studio Solution File, Format Version 12.00
# Visual Studio Version 16
VisualStudioVersion = 16.0.30611.23
MinimumVisualStudioVersion = 10.0.40219.1
Project("{FAE04EC0-301F-11D3-BF4B-00C04F79EFBC}") = "Problema_5_sume_produse_numarari", "Problema_5_sume_produse_numarari\Problema_5_sume_produse_numarari.csproj", "{FBDF7EA2-F2E4-4AC2-B653-F8723D838DA8}"
EndProject
Global
	GlobalSection(SolutionConfigurationPlatforms) = preSolution
		Debug|Any CPU = Debug|Any CPU
		Release|Any CPU = Release|Any CPU
	EndGlobalSection
	GlobalSection(ProjectConfigurationPlatforms) = postSolution
		{FBDF7EA2-F2E4-4AC2-B653-F8723D838DA8}.Debug|Any CPU.ActiveCfg = Debug|Any CPU
		{FBDF7EA2-F2E4-4AC2-B653-F8723D838DA8}.Debug|Any CPU.Build.0 = Debug|Any CPU
		{FBDF7EA2-F2E4-4AC2-B653-F8723D838DA8}.Release|Any CPU.ActiveCfg = Release|Any CPU
		{FBDF7EA2-F2E4-4AC2-B653-F8723D838DA8}.Release|Any CPU.Build.0 = Release|Any CPU
	EndGlobalSection
	GlobalSection(SolutionProperties) = preSolution
		HideSolutionNode = FALSE
	EndGlobalSection
	GlobalSection(ExtensibilityGlobals) = postSolution
		SolutionGuid = {F10BE7C3-20E2-47D4-880F-90ABE285384F}
	EndGlobalSection
EndGlobal
