
Microsoft Visual Studio Solution File, Format Version 12.00
# Visual Studio Version 16
VisualStudioVersion = 16.0.30611.23
MinimumVisualStudioVersion = 10.0.40219.1
Project("{FAE04EC0-301F-11D3-BF4B-00C04F79EFBC}") = "Problema_3_Cifrele_unui_numar", "Problema_3_Cifrele_unui_numar\Problema_3_Cifrele_unui_numar.csproj", "{5B6E53EA-857E-4306-8D09-8EF5AE50CED9}"
EndProject
Global
	GlobalSection(SolutionConfigurationPlatforms) = preSolution
		Debug|Any CPU = Debug|Any CPU
		Release|Any CPU = Release|Any CPU
	EndGlobalSection
	GlobalSection(ProjectConfigurationPlatforms) = postSolution
		{5B6E53EA-857E-4306-8D09-8EF5AE50CED9}.Debug|Any CPU.ActiveCfg = Debug|Any CPU
		{5B6E53EA-857E-4306-8D09-8EF5AE50CED9}.Debug|Any CPU.Build.0 = Debug|Any CPU
		{5B6E53EA-857E-4306-8D09-8EF5AE50CED9}.Release|Any CPU.ActiveCfg = Release|Any CPU
		{5B6E53EA-857E-4306-8D09-8EF5AE50CED9}.Release|Any CPU.Build.0 = Release|Any CPU
	EndGlobalSection
	GlobalSection(SolutionProperties) = preSolution
		HideSolutionNode = FALSE
	EndGlobalSection
	GlobalSection(ExtensibilityGlobals) = postSolution
		SolutionGuid = {DC13A531-05AC-4481-9A6E-0ADEB146BCC7}
	EndGlobalSection
EndGlobal
