
Microsoft Visual Studio Solution File, Format Version 12.00
# Visual Studio Version 16
VisualStudioVersion = 16.0.30523.141
MinimumVisualStudioVersion = 10.0.40219.1
Project("{FAE04EC0-301F-11D3-BF4B-00C04F79EFBC}") = "Exercitiul_18", "Exercitiul_18.csproj", "{0A34620B-FB18-4064-89CE-96F1C824C986}"
EndProject
Global
	GlobalSection(SolutionConfigurationPlatforms) = preSolution
		Debug|Any CPU = Debug|Any CPU
		Release|Any CPU = Release|Any CPU
	EndGlobalSection
	GlobalSection(ProjectConfigurationPlatforms) = postSolution
		{0A34620B-FB18-4064-89CE-96F1C824C986}.Debug|Any CPU.ActiveCfg = Debug|Any CPU
		{0A34620B-FB18-4064-89CE-96F1C824C986}.Debug|Any CPU.Build.0 = Debug|Any CPU
		{0A34620B-FB18-4064-89CE-96F1C824C986}.Release|Any CPU.ActiveCfg = Release|Any CPU
		{0A34620B-FB18-4064-89CE-96F1C824C986}.Release|Any CPU.Build.0 = Release|Any CPU
	EndGlobalSection
	GlobalSection(SolutionProperties) = preSolution
		HideSolutionNode = FALSE
	EndGlobalSection
	GlobalSection(ExtensibilityGlobals) = postSolution
		SolutionGuid = {3063B7AD-BAEB-41DC-A56F-CA0302CD13ED}
	EndGlobalSection
EndGlobal
