
Microsoft Visual Studio Solution File, Format Version 12.00
# Visual Studio Version 16
VisualStudioVersion = 16.0.30523.141
MinimumVisualStudioVersion = 10.0.40219.1
Project("{FAE04EC0-301F-11D3-BF4B-00C04F79EFBC}") = "Numere de tip grindina", "Numere de tip grindina.csproj", "{CEFD84CD-C117-4713-A08C-EF33808D16B2}"
EndProject
Global
	GlobalSection(SolutionConfigurationPlatforms) = preSolution
		Debug|Any CPU = Debug|Any CPU
		Release|Any CPU = Release|Any CPU
	EndGlobalSection
	GlobalSection(ProjectConfigurationPlatforms) = postSolution
		{CEFD84CD-C117-4713-A08C-EF33808D16B2}.Debug|Any CPU.ActiveCfg = Debug|Any CPU
		{CEFD84CD-C117-4713-A08C-EF33808D16B2}.Debug|Any CPU.Build.0 = Debug|Any CPU
		{CEFD84CD-C117-4713-A08C-EF33808D16B2}.Release|Any CPU.ActiveCfg = Release|Any CPU
		{CEFD84CD-C117-4713-A08C-EF33808D16B2}.Release|Any CPU.Build.0 = Release|Any CPU
	EndGlobalSection
	GlobalSection(SolutionProperties) = preSolution
		HideSolutionNode = FALSE
	EndGlobalSection
	GlobalSection(ExtensibilityGlobals) = postSolution
		SolutionGuid = {ABEBF24E-ABCC-4E6D-BE94-BC6E72DC2AE1}
	EndGlobalSection
EndGlobal
