
Microsoft Visual Studio Solution File, Format Version 12.00
# Visual Studio Version 16
VisualStudioVersion = 16.0.30523.141
MinimumVisualStudioVersion = 10.0.40219.1
Project("{FAE04EC0-301F-11D3-BF4B-00C04F79EFBC}") = "Exercitiul_10", "Exercitiul_10.csproj", "{6B8C4BD4-A1D5-4F52-855A-9585F468D450}"
EndProject
Global
	GlobalSection(SolutionConfigurationPlatforms) = preSolution
		Debug|Any CPU = Debug|Any CPU
		Release|Any CPU = Release|Any CPU
	EndGlobalSection
	GlobalSection(ProjectConfigurationPlatforms) = postSolution
		{6B8C4BD4-A1D5-4F52-855A-9585F468D450}.Debug|Any CPU.ActiveCfg = Debug|Any CPU
		{6B8C4BD4-A1D5-4F52-855A-9585F468D450}.Debug|Any CPU.Build.0 = Debug|Any CPU
		{6B8C4BD4-A1D5-4F52-855A-9585F468D450}.Release|Any CPU.ActiveCfg = Release|Any CPU
		{6B8C4BD4-A1D5-4F52-855A-9585F468D450}.Release|Any CPU.Build.0 = Release|Any CPU
	EndGlobalSection
	GlobalSection(SolutionProperties) = preSolution
		HideSolutionNode = FALSE
	EndGlobalSection
	GlobalSection(ExtensibilityGlobals) = postSolution
		SolutionGuid = {95FB88E6-CB69-496F-B0D1-2C7DE0D26B05}
	EndGlobalSection
EndGlobal
