
Microsoft Visual Studio Solution File, Format Version 12.00
# Visual Studio Version 16
VisualStudioVersion = 16.0.30523.141
MinimumVisualStudioVersion = 10.0.40219.1
Project("{FAE04EC0-301F-11D3-BF4B-00C04F79EFBC}") = "Problema_2_sume_produse_numarari", "Problema_2_sume_produse_numarari.csproj", "{71B1E104-3D24-4264-B04B-5DDCFB4A760C}"
EndProject
Global
	GlobalSection(SolutionConfigurationPlatforms) = preSolution
		Debug|Any CPU = Debug|Any CPU
		Release|Any CPU = Release|Any CPU
	EndGlobalSection
	GlobalSection(ProjectConfigurationPlatforms) = postSolution
		{71B1E104-3D24-4264-B04B-5DDCFB4A760C}.Debug|Any CPU.ActiveCfg = Debug|Any CPU
		{71B1E104-3D24-4264-B04B-5DDCFB4A760C}.Debug|Any CPU.Build.0 = Debug|Any CPU
		{71B1E104-3D24-4264-B04B-5DDCFB4A760C}.Release|Any CPU.ActiveCfg = Release|Any CPU
		{71B1E104-3D24-4264-B04B-5DDCFB4A760C}.Release|Any CPU.Build.0 = Release|Any CPU
	EndGlobalSection
	GlobalSection(SolutionProperties) = preSolution
		HideSolutionNode = FALSE
	EndGlobalSection
	GlobalSection(ExtensibilityGlobals) = postSolution
		SolutionGuid = {353456C0-DE9F-4127-9003-F44273FF737A}
	EndGlobalSection
EndGlobal
