
Microsoft Visual Studio Solution File, Format Version 12.00
# Visual Studio Version 16
VisualStudioVersion = 16.0.30523.141
MinimumVisualStudioVersion = 10.0.40219.1
Project("{FAE04EC0-301F-11D3-BF4B-00C04F79EFBC}") = "Execitiul 1", "Execitiul 1.csproj", "{2011FF90-AA20-41EC-94BE-4E8CC6271505}"
EndProject
Global
	GlobalSection(SolutionConfigurationPlatforms) = preSolution
		Debug|Any CPU = Debug|Any CPU
		Release|Any CPU = Release|Any CPU
	EndGlobalSection
	GlobalSection(ProjectConfigurationPlatforms) = postSolution
		{2011FF90-AA20-41EC-94BE-4E8CC6271505}.Debug|Any CPU.ActiveCfg = Debug|Any CPU
		{2011FF90-AA20-41EC-94BE-4E8CC6271505}.Debug|Any CPU.Build.0 = Debug|Any CPU
		{2011FF90-AA20-41EC-94BE-4E8CC6271505}.Release|Any CPU.ActiveCfg = Release|Any CPU
		{2011FF90-AA20-41EC-94BE-4E8CC6271505}.Release|Any CPU.Build.0 = Release|Any CPU
	EndGlobalSection
	GlobalSection(SolutionProperties) = preSolution
		HideSolutionNode = FALSE
	EndGlobalSection
	GlobalSection(ExtensibilityGlobals) = postSolution
		SolutionGuid = {1BBE5F37-8F50-406D-A588-B1EFDFAFB26B}
	EndGlobalSection
EndGlobal
