
Microsoft Visual Studio Solution File, Format Version 12.00
# Visual Studio Version 16
VisualStudioVersion = 16.0.30523.141
MinimumVisualStudioVersion = 10.0.40219.1
Project("{FAE04EC0-301F-11D3-BF4B-00C04F79EFBC}") = "Exercitiul_15", "Exercitiul_15.csproj", "{8F7E63B9-1067-464B-BCB4-53A28F556134}"
EndProject
Global
	GlobalSection(SolutionConfigurationPlatforms) = preSolution
		Debug|Any CPU = Debug|Any CPU
		Release|Any CPU = Release|Any CPU
	EndGlobalSection
	GlobalSection(ProjectConfigurationPlatforms) = postSolution
		{8F7E63B9-1067-464B-BCB4-53A28F556134}.Debug|Any CPU.ActiveCfg = Debug|Any CPU
		{8F7E63B9-1067-464B-BCB4-53A28F556134}.Debug|Any CPU.Build.0 = Debug|Any CPU
		{8F7E63B9-1067-464B-BCB4-53A28F556134}.Release|Any CPU.ActiveCfg = Release|Any CPU
		{8F7E63B9-1067-464B-BCB4-53A28F556134}.Release|Any CPU.Build.0 = Release|Any CPU
	EndGlobalSection
	GlobalSection(SolutionProperties) = preSolution
		HideSolutionNode = FALSE
	EndGlobalSection
	GlobalSection(ExtensibilityGlobals) = postSolution
		SolutionGuid = {3BD53FF0-2EA3-49DB-9E7D-01CC21241765}
	EndGlobalSection
EndGlobal
