
Microsoft Visual Studio Solution File, Format Version 12.00
# Visual Studio Version 16
VisualStudioVersion = 16.0.30611.23
MinimumVisualStudioVersion = 10.0.40219.1
Project("{FAE04EC0-301F-11D3-BF4B-00C04F79EFBC}") = "Problema_5_Cifrele_unui_numar", "Problema_5_Cifrele_unui_numar\Problema_5_Cifrele_unui_numar.csproj", "{C22270A5-3605-401A-B043-763DB26A29DD}"
EndProject
Global
	GlobalSection(SolutionConfigurationPlatforms) = preSolution
		Debug|Any CPU = Debug|Any CPU
		Release|Any CPU = Release|Any CPU
	EndGlobalSection
	GlobalSection(ProjectConfigurationPlatforms) = postSolution
		{C22270A5-3605-401A-B043-763DB26A29DD}.Debug|Any CPU.ActiveCfg = Debug|Any CPU
		{C22270A5-3605-401A-B043-763DB26A29DD}.Debug|Any CPU.Build.0 = Debug|Any CPU
		{C22270A5-3605-401A-B043-763DB26A29DD}.Release|Any CPU.ActiveCfg = Release|Any CPU
		{C22270A5-3605-401A-B043-763DB26A29DD}.Release|Any CPU.Build.0 = Release|Any CPU
	EndGlobalSection
	GlobalSection(SolutionProperties) = preSolution
		HideSolutionNode = FALSE
	EndGlobalSection
	GlobalSection(ExtensibilityGlobals) = postSolution
		SolutionGuid = {95D6ABCF-F721-4BAF-9DFF-BF4AA96A5384}
	EndGlobalSection
EndGlobal
